
Microsoft Visual Studio Solution File, Format Version 12.00
# Visual Studio 15
VisualStudioVersion = 15.0.28010.2036
MinimumVisualStudioVersion = 10.0.40219.1
Project("{FAE04EC0-301F-11D3-BF4B-00C04F79EFBC}") = "flow", "flow\flow.csproj", "{B263D7BA-A4CD-4C57-A1D1-A35698FB5E8E}"
EndProject
Global
	GlobalSection(SolutionConfigurationPlatforms) = preSolution
		Debug|Any CPU = Debug|Any CPU
		Release|Any CPU = Release|Any CPU
	EndGlobalSection
	GlobalSection(ProjectConfigurationPlatforms) = postSolution
		{B263D7BA-A4CD-4C57-A1D1-A35698FB5E8E}.Debug|Any CPU.ActiveCfg = Debug|Any CPU
		{B263D7BA-A4CD-4C57-A1D1-A35698FB5E8E}.Debug|Any CPU.Build.0 = Debug|Any CPU
		{B263D7BA-A4CD-4C57-A1D1-A35698FB5E8E}.Release|Any CPU.ActiveCfg = Release|Any CPU
		{B263D7BA-A4CD-4C57-A1D1-A35698FB5E8E}.Release|Any CPU.Build.0 = Release|Any CPU
	EndGlobalSection
	GlobalSection(SolutionProperties) = preSolution
		HideSolutionNode = FALSE
	EndGlobalSection
	GlobalSection(ExtensibilityGlobals) = postSolution
		SolutionGuid = {91F28CD8-C6DD-4800-9C24-BA4501C3DABF}
	EndGlobalSection
EndGlobal
